
Microsoft Visual Studio Solution File, Format Version 12.00
# Visual Studio Version 17
VisualStudioVersion = 17.4.33122.133
MinimumVisualStudioVersion = 10.0.40219.1
Project("{FAE04EC0-301F-11D3-BF4B-00C04F79EFBC}") = "Probe_4", "Probe_4.csproj", "{2A900A90-40B1-4090-933B-66F320E040C9}"
EndProject
Global
	GlobalSection(SolutionConfigurationPlatforms) = preSolution
		Debug|Any CPU = Debug|Any CPU
		Release|Any CPU = Release|Any CPU
	EndGlobalSection
	GlobalSection(ProjectConfigurationPlatforms) = postSolution
		{2A900A90-40B1-4090-933B-66F320E040C9}.Debug|Any CPU.ActiveCfg = Debug|Any CPU
		{2A900A90-40B1-4090-933B-66F320E040C9}.Debug|Any CPU.Build.0 = Debug|Any CPU
		{2A900A90-40B1-4090-933B-66F320E040C9}.Release|Any CPU.ActiveCfg = Release|Any CPU
		{2A900A90-40B1-4090-933B-66F320E040C9}.Release|Any CPU.Build.0 = Release|Any CPU
	EndGlobalSection
	GlobalSection(SolutionProperties) = preSolution
		HideSolutionNode = FALSE
	EndGlobalSection
	GlobalSection(ExtensibilityGlobals) = postSolution
		SolutionGuid = {275159E9-081A-4167-A35D-5BC4B865D23D}
	EndGlobalSection
EndGlobal
